---
http_interactions:
- request:
    method: get
    uri: http://localhost:3001/api/v1/booking_locations/9d7c72fc-0c74-4418-8099-e1a4e704cb01.json
    body:
      encoding: US-ASCII
      string: ''
    headers:
      Accept-Encoding:
      - gzip;q=1.0,deflate;q=0.6,identity;q=0.3
      Accept:
      - "*/*"
      User-Agent:
      - Ruby
  response:
    status:
      code: 200
      message: OK
    headers:
      X-Frame-Options:
      - SAMEORIGIN
      X-Xss-Protection:
      - 1; mode=block
      X-Content-Type-Options:
      - nosniff
      Content-Type:
      - application/json; charset=utf-8
      Etag:
      - W/"8a6764ecbdc99344405182e357410e3b"
      Cache-Control:
      - max-age=0, private, must-revalidate
      Set-Cookie:
      - _location-register_session=eHhPcTVwWDFyTmpzMjUzQ3I2a2JwazZ2SnNKYUo3cXVacEV5VnJLSGh2Yi9NTXkxOXhxSVlYVVBoajRsV1pKdENvSlJ0VDVpbEJTYWFNWHlGZS8xbkE9PS0tZWtwRXROamVKZmtOWGdnMlB3aWFvZz09--5364e4cb713b5615550654d758d948beaabb4aa2;
        path=/; HttpOnly
      X-Request-Id:
      - cc7692e4-ac76-4d62-9730-575ae03317a8
      X-Runtime:
      - '0.030563'
      Transfer-Encoding:
      - chunked
    body:
      encoding: UTF-8
      string: '{"uid":"9d7c72fc-0c74-4418-8099-e1a4e704cb01","name":"Romford CAB","address":"3
        Some Road, Place, Romford, Essex, RM107BD","online_booking_twilio_number":"+44203938434347","locations":[],"guiders":[{"id":1,"name":"Ben
        Lovell","email":"benjamin.lovell@gmail.com"}]}'
    http_version: 
  recorded_at: Mon, 11 Jul 2016 10:45:31 GMT
recorded_with: VCR 3.0.1
